
Microsoft Visual Studio Solution File, Format Version 12.00
# Visual Studio Version 16
VisualStudioVersion = 16.0.30413.136
MinimumVisualStudioVersion = 10.0.40219.1
Project("{FAE04EC0-301F-11D3-BF4B-00C04F79EFBC}") = "MaazAfridi", "MaazAfridi\MaazAfridi.csproj", "{AE142580-C982-4E55-A07F-3A0CD8784882}"
EndProject
Global
	GlobalSection(SolutionConfigurationPlatforms) = preSolution
		Debug|Any CPU = Debug|Any CPU
		Release|Any CPU = Release|Any CPU
	EndGlobalSection
	GlobalSection(ProjectConfigurationPlatforms) = postSolution
		{AE142580-C982-4E55-A07F-3A0CD8784882}.Debug|Any CPU.ActiveCfg = Debug|Any CPU
		{AE142580-C982-4E55-A07F-3A0CD8784882}.Debug|Any CPU.Build.0 = Debug|Any CPU
		{AE142580-C982-4E55-A07F-3A0CD8784882}.Release|Any CPU.ActiveCfg = Release|Any CPU
		{AE142580-C982-4E55-A07F-3A0CD8784882}.Release|Any CPU.Build.0 = Release|Any CPU
	EndGlobalSection
	GlobalSection(SolutionProperties) = preSolution
		HideSolutionNode = FALSE
	EndGlobalSection
	GlobalSection(ExtensibilityGlobals) = postSolution
		SolutionGuid = {AF0E6757-9ABA-4DDA-8C4D-A7B972C2F061}
	EndGlobalSection
EndGlobal
